
Microsoft Visual Studio Solution File, Format Version 12.00
Project("{FAE04EC0-301F-11D3-BF4B-00C04F79EFBC}") = "NinaAPI.API", "NinaAPI.API\NinaAPI.API.csproj", "{C07999C6-F7CC-44A8-9895-96D1D1CB241E}"
EndProject
Project("{FAE04EC0-301F-11D3-BF4B-00C04F79EFBC}") = "NinaAPI.Core", "NinaAPI.Core\NinaAPI.Core.csproj", "{358BD7E1-9BD7-4B3A-95C6-D69A274A9266}"
EndProject
Project("{FAE04EC0-301F-11D3-BF4B-00C04F79EFBC}") = "NinaAPI.Infrastructure", "NinaAPI.Infrastructure\NinaAPI.Infrastructure.csproj", "{4098E2A6-1524-43E5-8353-93FF09D8C66C}"
EndProject
Project("{FAE04EC0-301F-11D3-BF4B-00C04F79EFBC}") = "NinaAPI.Plugin", "NinaAPI.Plugin\NinaAPI.Plugin.csproj", "{0DBD4F44-FD2B-4728-BDDF-9D7FBE6CEFF6}"
EndProject
Global
	GlobalSection(SolutionConfigurationPlatforms) = preSolution
		Debug|Any CPU = Debug|Any CPU
		Release|Any CPU = Release|Any CPU
	EndGlobalSection
	GlobalSection(ProjectConfigurationPlatforms) = postSolution
		{C07999C6-F7CC-44A8-9895-96D1D1CB241E}.Debug|Any CPU.ActiveCfg = Debug|Any CPU
		{C07999C6-F7CC-44A8-9895-96D1D1CB241E}.Debug|Any CPU.Build.0 = Debug|Any CPU
		{C07999C6-F7CC-44A8-9895-96D1D1CB241E}.Release|Any CPU.ActiveCfg = Release|Any CPU
		{C07999C6-F7CC-44A8-9895-96D1D1CB241E}.Release|Any CPU.Build.0 = Release|Any CPU
		{358BD7E1-9BD7-4B3A-95C6-D69A274A9266}.Debug|Any CPU.ActiveCfg = Debug|Any CPU
		{358BD7E1-9BD7-4B3A-95C6-D69A274A9266}.Debug|Any CPU.Build.0 = Debug|Any CPU
		{358BD7E1-9BD7-4B3A-95C6-D69A274A9266}.Release|Any CPU.ActiveCfg = Release|Any CPU
		{358BD7E1-9BD7-4B3A-95C6-D69A274A9266}.Release|Any CPU.Build.0 = Release|Any CPU
		{4098E2A6-1524-43E5-8353-93FF09D8C66C}.Debug|Any CPU.ActiveCfg = Debug|Any CPU
		{4098E2A6-1524-43E5-8353-93FF09D8C66C}.Debug|Any CPU.Build.0 = Debug|Any CPU
		{4098E2A6-1524-43E5-8353-93FF09D8C66C}.Release|Any CPU.ActiveCfg = Release|Any CPU
		{4098E2A6-1524-43E5-8353-93FF09D8C66C}.Release|Any CPU.Build.0 = Release|Any CPU
		{0DBD4F44-FD2B-4728-BDDF-9D7FBE6CEFF6}.Debug|Any CPU.ActiveCfg = Debug|Any CPU
		{0DBD4F44-FD2B-4728-BDDF-9D7FBE6CEFF6}.Debug|Any CPU.Build.0 = Debug|Any CPU
		{0DBD4F44-FD2B-4728-BDDF-9D7FBE6CEFF6}.Release|Any CPU.ActiveCfg = Release|Any CPU
		{0DBD4F44-FD2B-4728-BDDF-9D7FBE6CEFF6}.Release|Any CPU.Build.0 = Release|Any CPU
	EndGlobalSection
EndGlobal
